
Microsoft Visual Studio Solution File, Format Version 12.00
# Visual Studio Version 16
VisualStudioVersion = 16.0.29709.97
MinimumVisualStudioVersion = 10.0.40219.1
Project("{FAE04EC0-301F-11D3-BF4B-00C04F79EFBC}") = "DStructures", "DStructures\DStructures.csproj", "{834721C4-532D-4121-ACB1-1395D2611907}"
EndProject
Global
	GlobalSection(SolutionConfigurationPlatforms) = preSolution
		Debug|Any CPU = Debug|Any CPU
		Release|Any CPU = Release|Any CPU
	EndGlobalSection
	GlobalSection(ProjectConfigurationPlatforms) = postSolution
		{834721C4-532D-4121-ACB1-1395D2611907}.Debug|Any CPU.ActiveCfg = Debug|Any CPU
		{834721C4-532D-4121-ACB1-1395D2611907}.Debug|Any CPU.Build.0 = Debug|Any CPU
		{834721C4-532D-4121-ACB1-1395D2611907}.Release|Any CPU.ActiveCfg = Release|Any CPU
		{834721C4-532D-4121-ACB1-1395D2611907}.Release|Any CPU.Build.0 = Release|Any CPU
	EndGlobalSection
	GlobalSection(SolutionProperties) = preSolution
		HideSolutionNode = FALSE
	EndGlobalSection
	GlobalSection(ExtensibilityGlobals) = postSolution
		SolutionGuid = {72A7B5DF-A085-47FC-81E0-388589A69C04}
	EndGlobalSection
EndGlobal
